
Microsoft Visual Studio Solution File, Format Version 12.00
# Visual Studio 15
VisualStudioVersion = 15.0.27428.2037
MinimumVisualStudioVersion = 10.0.40219.1
Project("{FAE04EC0-301F-11D3-BF4B-00C04F79EFBC}") = "Panaro", "Panaro\Panaro.csproj", "{D8CCEC60-78A1-49FE-9AC6-C1545A0D9F35}"
EndProject
Global
	GlobalSection(SolutionConfigurationPlatforms) = preSolution
		Debug|Any CPU = Debug|Any CPU
		Release|Any CPU = Release|Any CPU
	EndGlobalSection
	GlobalSection(ProjectConfigurationPlatforms) = postSolution
		{D8CCEC60-78A1-49FE-9AC6-C1545A0D9F35}.Debug|Any CPU.ActiveCfg = Debug|Any CPU
		{D8CCEC60-78A1-49FE-9AC6-C1545A0D9F35}.Debug|Any CPU.Build.0 = Debug|Any CPU
		{D8CCEC60-78A1-49FE-9AC6-C1545A0D9F35}.Release|Any CPU.ActiveCfg = Release|Any CPU
		{D8CCEC60-78A1-49FE-9AC6-C1545A0D9F35}.Release|Any CPU.Build.0 = Release|Any CPU
	EndGlobalSection
	GlobalSection(SolutionProperties) = preSolution
		HideSolutionNode = FALSE
	EndGlobalSection
	GlobalSection(ExtensibilityGlobals) = postSolution
		SolutionGuid = {C8C15AD2-ACC6-449B-B53C-3A16571FADF3}
	EndGlobalSection
EndGlobal
